// !$*UTF8*$!
{
	archiveVersion = 1;
	classes = {
	};
	objectVersion = 50;
	objects = {

/* Begin PBXBuildFile section */
		6D69155B219497D400C8BB05 /* AppDelegate.swift in Sources */ = {isa = PBXBuildFile; fileRef = 6D69155A219497D400C8BB05 /* AppDelegate.swift */; };
		6D69155D219497D400C8BB05 /* ViewController.swift in Sources */ = {isa = PBXBuildFile; fileRef = 6D69155C219497D400C8BB05 /* ViewController.swift */; };
		6D691560219497D400C8BB05 /* Main.storyboard in Resources */ = {isa = PBXBuildFile; fileRef = 6D69155E219497D400C8BB05 /* Main.storyboard */; };
		6D691562219497D600C8BB05 /* Assets.xcassets in Resources */ = {isa = PBXBuildFile; fileRef = 6D691561219497D600C8BB05 /* Assets.xcassets */; };
		6D691565219497D600C8BB05 /* LaunchScreen.storyboard in Resources */ = {isa = PBXBuildFile; fileRef = 6D691563219497D600C8BB05 /* LaunchScreen.storyboard */; };
		6D691570219497D600C8BB05 /* IMCTests.swift in Sources */ = {isa = PBXBuildFile; fileRef = 6D69156F219497D600C8BB05 /* IMCTests.swift */; };
		6D69157B219497D600C8BB05 /* IMCUITests.swift in Sources */ = {isa = PBXBuildFile; fileRef = 6D69157A219497D600C8BB05 /* IMCUITests.swift */; };
/* End PBXBuildFile section */

/* Begin PBXContainerItemProxy section */
		6D69156C219497D600C8BB05 /* PBXContainerItemProxy */ = {
			isa = PBXContainerItemProxy;
			containerPortal = 6D69154F219497D400C8BB05 /* Project object */;
			proxyType = 1;
			remoteGlobalIDString = 6D691556219497D400C8BB05;
			remoteInfo = IMC;
		};
		6D691577219497D600C8BB05 /* PBXContainerItemProxy */ = {
			isa = PBXContainerItemProxy;
			containerPortal = 6D69154F219497D400C8BB05 /* Project object */;
			proxyType = 1;
			remoteGlobalIDString = 6D691556219497D400C8BB05;
			remoteInfo = IMC;
		};
/* End PBXContainerItemProxy section */

/* Begin PBXFileReference section */
		6D691557219497D400C8BB05 /* IMC.app */ = {isa = PBXFileReference; explicitFileType = wrapper.application; includeInIndex = 0; path = IMC.app; sourceTree = BUILT_PRODUCTS_DIR; };
		6D69155A219497D400C8BB05 /* AppDelegate.swift */ = {isa = PBXFileReference; lastKnownFileType = sourcecode.swift; path = AppDelegate.swift; sourceTree = "<group>"; };
		6D69155C219497D400C8BB05 /* ViewController.swift */ = {isa = PBXFileReference; lastKnownFileType = sourcecode.swift; path = ViewController.swift; sourceTree = "<group>"; };
		6D69155F219497D400C8BB05 /* Base */ = {isa = PBXFileReference; lastKnownFileType = file.storyboard; name = Base; path = Base.lproj/Main.storyboard; sourceTree = "<group>"; };
		6D691561219497D600C8BB05 /* Assets.xcassets */ = {isa = PBXFileReference; lastKnownFileType = folder.assetcatalog; path = Assets.xcassets; sourceTree = "<group>"; };
		6D691564219497D600C8BB05 /* Base */ = {isa = PBXFileReference; lastKnownFileType = file.storyboard; name = Base; path = Base.lproj/LaunchScreen.storyboard; sourceTree = "<group>"; };
		6D691566219497D600C8BB05 /* Info.plist */ = {isa = PBXFileReference; lastKnownFileType = text.plist.xml; path = Info.plist; sourceTree = "<group>"; };
		6D69156B219497D600C8BB05 /* IMCTests.xctest */ = {isa = PBXFileReference; explicitFileType = wrapper.cfbundle; includeInIndex = 0; path = IMCTests.xctest; sourceTree = BUILT_PRODUCTS_DIR; };
		6D69156F219497D600C8BB05 /* IMCTests.swift */ = {isa = PBXFileReference; lastKnownFileType = sourcecode.swift; path = IMCTests.swift; sourceTree = "<group>"; };
		6D691571219497D600C8BB05 /* Info.plist */ = {isa = PBXFileReference; lastKnownFileType = text.plist.xml; path = Info.plist; sourceTree = "<group>"; };
		6D691576219497D600C8BB05 /* IMCUITests.xctest */ = {isa = PBXFileReference; explicitFileType = wrapper.cfbundle; includeInIndex = 0; path = IMCUITests.xctest; sourceTree = BUILT_PRODUCTS_DIR; };
		6D69157A219497D600C8BB05 /* IMCUITests.swift */ = {isa = PBXFileReference; lastKnownFileType = sourcecode.swift; path = IMCUITests.swift; sourceTree = "<group>"; };
		6D69157C219497D600C8BB05 /* Info.plist */ = {isa = PBXFileReference; lastKnownFileType = text.plist.xml; path = Info.plist; sourceTree = "<group>"; };
/* End PBXFileReference section */

/* Begin PBXFrameworksBuildPhase section */
		6D691554219497D400C8BB05 /* Frameworks */ = {
			isa = PBXFrameworksBuildPhase;
			buildActionMask = 2147483647;
			files = (
			);
			runOnlyForDeploymentPostprocessing = 0;
		};
		6D691568219497D600C8BB05 /* Frameworks */ = {
			isa = PBXFrameworksBuildPhase;
			buildActionMask = 2147483647;
			files = (
			);
			runOnlyForDeploymentPostprocessing = 0;
		};
		6D691573219497D600C8BB05 /* Frameworks */ = {
			isa = PBXFrameworksBuildPhase;
			buildActionMask = 2147483647;
			files = (
			);
			runOnlyForDeploymentPostprocessing = 0;
		};
/* End PBXFrameworksBuildPhase section */

/* Begin PBXGroup section */
		6D69154E219497D400C8BB05 = {
			isa = PBXGroup;
			children = (
				6D691559219497D400C8BB05 /* IMC */,
				6D69156E219497D600C8BB05 /* IMCTests */,
				6D691579219497D600C8BB05 /* IMCUITests */,
				6D691558219497D400C8BB05 /* Products */,
			);
			sourceTree = "<group>";
		};
		6D691558219497D400C8BB05 /* Products */ = {
			isa = PBXGroup;
			children = (
				6D691557219497D400C8BB05 /* IMC.app */,
				6D69156B219497D600C8BB05 /* IMCTests.xctest */,
				6D691576219497D600C8BB05 /* IMCUITests.xctest */,
			);
			name = Products;
			sourceTree = "<group>";
		};
		6D691559219497D400C8BB05 /* IMC */ = {
			isa = PBXGroup;
			children = (
				6D69155A219497D400C8BB05 /* AppDelegate.swift */,
				6D69155C219497D400C8BB05 /* ViewController.swift */,
				6D69155E219497D400C8BB05 /* Main.storyboard */,
				6D691561219497D600C8BB05 /* Assets.xcassets */,
				6D691563219497D600C8BB05 /* LaunchScreen.storyboard */,
				6D691566219497D600C8BB05 /* Info.plist */,
			);
			path = IMC;
			sourceTree = "<group>";
		};
		6D69156E219497D600C8BB05 /* IMCTests */ = {
			isa = PBXGroup;
			children = (
				6D69156F219497D600C8BB05 /* IMCTests.swift */,
				6D691571219497D600C8BB05 /* Info.plist */,
			);
			path = IMCTests;
			sourceTree = "<group>";
		};
		6D691579219497D600C8BB05 /* IMCUITests */ = {
			isa = PBXGroup;
			children = (
				6D69157A219497D600C8BB05 /* IMCUITests.swift */,
				6D69157C219497D600C8BB05 /* Info.plist */,
			);
			path = IMCUITests;
			sourceTree = "<group>";
		};
/* End PBXGroup section */

/* Begin PBXNativeTarget section */
		6D691556219497D400C8BB05 /* IMC */ = {
			isa = PBXNativeTarget;
			buildConfigurationList = 6D69157F219497D600C8BB05 /* Build configuration list for PBXNativeTarget "IMC" */;
			buildPhases = (
				6D691553219497D400C8BB05 /* Sources */,
				6D691554219497D400C8BB05 /* Frameworks */,
				6D691555219497D400C8BB05 /* Resources */,
			);
			buildRules = (
			);
			dependencies = (
			);
			name = IMC;
			productName = IMC;
			productReference = 6D691557219497D400C8BB05 /* IMC.app */;
			productType = "com.apple.product-type.application";
		};
		6D69156A219497D600C8BB05 /* IMCTests */ = {
			isa = PBXNativeTarget;
			buildConfigurationList = 6D691582219497D700C8BB05 /* Build configuration list for PBXNativeTarget "IMCTests" */;
			buildPhases = (
				6D691567219497D600C8BB05 /* Sources */,
				6D691568219497D600C8BB05 /* Frameworks */,
				6D691569219497D600C8BB05 /* Resources */,
			);
			buildRules = (
			);
			dependencies = (
				6D69156D219497D600C8BB05 /* PBXTargetDependency */,
			);
			name = IMCTests;
			productName = IMCTests;
			productReference = 6D69156B219497D600C8BB05 /* IMCTests.xctest */;
			productType = "com.apple.product-type.bundle.unit-test";
		};
		6D691575219497D600C8BB05 /* IMCUITests */ = {
			isa = PBXNativeTarget;
			buildConfigurationList = 6D691585219497D700C8BB05 /* Build configuration list for PBXNativeTarget "IMCUITests" */;
			buildPhases = (
				6D691572219497D600C8BB05 /* Sources */,
				6D691573219497D600C8BB05 /* Frameworks */,
				6D691574219497D600C8BB05 /* Resources */,
			);
			buildRules = (
			);
			dependencies = (
				6D691578219497D600C8BB05 /* PBXTargetDependency */,
			);
			name = IMCUITests;
			productName = IMCUITests;
			productReference = 6D691576219497D600C8BB05 /* IMCUITests.xctest */;
			productType = "com.apple.product-type.bundle.ui-testing";
		};
/* End PBXNativeTarget section */

/* Begin PBXProject section */
		6D69154F219497D400C8BB05 /* Project object */ = {
			isa = PBXProject;
			attributes = {
				LastSwiftUpdateCheck = 1010;
				LastUpgradeCheck = 1010;
				ORGANIZATIONNAME = "Pablo Rosalvo";
				TargetAttributes = {
					6D691556219497D400C8BB05 = {
						CreatedOnToolsVersion = 10.1;
					};
					6D69156A219497D600C8BB05 = {
						CreatedOnToolsVersion = 10.1;
						TestTargetID = 6D691556219497D400C8BB05;
					};
					6D691575219497D600C8BB05 = {
						CreatedOnToolsVersion = 10.1;
						TestTargetID = 6D691556219497D400C8BB05;
					};
				};
			};
			buildConfigurationList = 6D691552219497D400C8BB05 /* Build configuration list for PBXProject "IMC" */;
			compatibilityVersion = "Xcode 9.3";
			developmentRegion = en;
			hasScannedForEncodings = 0;
			knownRegions = (
				en,
				Base,
			);
			mainGroup = 6D69154E219497D400C8BB05;
			productRefGroup = 6D691558219497D400C8BB05 /* Products */;
			projectDirPath = "";
			projectRoot = "";
			targets = (
				6D691556219497D400C8BB05 /* IMC */,
				6D69156A219497D600C8BB05 /* IMCTests */,
				6D691575219497D600C8BB05 /* IMCUITests */,
			);
		};
/* End PBXProject section */

/* Begin PBXResourcesBuildPhase section */
		6D691555219497D400C8BB05 /* Resources */ = {
			isa = PBXResourcesBuildPhase;
			buildActionMask = 2147483647;
			files = (
				6D691565219497D600C8BB05 /* LaunchScreen.storyboard in Resources */,
				6D691562219497D600C8BB05 /* Assets.xcassets in Resources */,
				6D691560219497D400C8BB05 /* Main.storyboard in Resources */,
			);
			runOnlyForDeploymentPostprocessing = 0;
		};
		6D691569219497D600C8BB05 /* Resources */ = {
			isa = PBXResourcesBuildPhase;
			buildActionMask = 2147483647;
			files = (
			);
			runOnlyForDeploymentPostprocessing = 0;
		};
		6D691574219497D600C8BB05 /* Resources */ = {
			isa = PBXResourcesBuildPhase;
			buildActionMask = 2147483647;
			files = (
			);
			runOnlyForDeploymentPostprocessing = 0;
		};
/* End PBXResourcesBuildPhase section */

/* Begin PBXSourcesBuildPhase section */
		6D691553219497D400C8BB05 /* Sources */ = {
			isa = PBXSourcesBuildPhase;
			buildActionMask = 2147483647;
			files = (
				6D69155D219497D400C8BB05 /* ViewController.swift in Sources */,
				6D69155B219497D400C8BB05 /* AppDelegate.swift in Sources */,
			);
			runOnlyForDeploymentPostprocessing = 0;
		};
		6D691567219497D600C8BB05 /* Sources */ = {
			isa = PBXSourcesBuildPhase;
			buildActionMask = 2147483647;
			files = (
				6D691570219497D600C8BB05 /* IMCTests.swift in Sources */,
			);
			runOnlyForDeploymentPostprocessing = 0;
		};
		6D691572219497D600C8BB05 /* Sources */ = {
			isa = PBXSourcesBuildPhase;
			buildActionMask = 2147483647;
			files = (
				6D69157B219497D600C8BB05 /* IMCUITests.swift in Sources */,
			);
			runOnlyForDeploymentPostprocessing = 0;
		};
/* End PBXSourcesBuildPhase section */

/* Begin PBXTargetDependency section */
		6D69156D219497D600C8BB05 /* PBXTargetDependency */ = {
			isa = PBXTargetDependency;
			target = 6D691556219497D400C8BB05 /* IMC */;
			targetProxy = 6D69156C219497D600C8BB05 /* PBXContainerItemProxy */;
		};
		6D691578219497D600C8BB05 /* PBXTargetDependency */ = {
			isa = PBXTargetDependency;
			target = 6D691556219497D400C8BB05 /* IMC */;
			targetProxy = 6D691577219497D600C8BB05 /* PBXContainerItemProxy */;
		};
/* End PBXTargetDependency section */

/* Begin PBXVariantGroup section */
		6D69155E219497D400C8BB05 /* Main.storyboard */ = {
			isa = PBXVariantGroup;
			children = (
				6D69155F219497D400C8BB05 /* Base */,
			);
			name = Main.storyboard;
			sourceTree = "<group>";
		};
		6D691563219497D600C8BB05 /* LaunchScreen.storyboard */ = {
			isa = PBXVariantGroup;
			children = (
				6D691564219497D600C8BB05 /* Base */,
			);
			name = LaunchScreen.storyboard;
			sourceTree = "<group>";
		};
/* End PBXVariantGroup section */

/* Begin XCBuildConfiguration section */
		6D69157D219497D600C8BB05 /* Debug */ = {
			isa = XCBuildConfiguration;
			buildSettings = {
				ALWAYS_SEARCH_USER_PATHS = NO;
				CLANG_ANALYZER_NONNULL = YES;
				CLANG_ANALYZER_NUMBER_OBJECT_CONVERSION = YES_AGGRESSIVE;
				CLANG_CXX_LANGUAGE_STANDARD = "gnu++14";
				CLANG_CXX_LIBRARY = "libc++";
				CLANG_ENABLE_MODULES = YES;
				CLANG_ENABLE_OBJC_ARC = YES;
				CLANG_ENABLE_OBJC_WEAK = YES;
				CLANG_WARN_BLOCK_CAPTURE_AUTORELEASING = YES;
				CLANG_WARN_BOOL_CONVERSION = YES;
				CLANG_WARN_COMMA = YES;
				CLANG_WARN_CONSTANT_CONVERSION = YES;
				CLANG_WARN_DEPRECATED_OBJC_IMPLEMENTATIONS = YES;
				CLANG_WARN_DIRECT_OBJC_ISA_USAGE = YES_ERROR;
				CLANG_WARN_DOCUMENTATION_COMMENTS = YES;
				CLANG_WARN_EMPTY_BODY = YES;
				CLANG_WARN_ENUM_CONVERSION = YES;
				CLANG_WARN_INFINITE_RECURSION = YES;
				CLANG_WARN_INT_CONVERSION = YES;
				CLANG_WARN_NON_LITERAL_NULL_CONVERSION = YES;
				CLANG_WARN_OBJC_IMPLICIT_RETAIN_SELF = YES;
				CLANG_WARN_OBJC_LITERAL_CONVERSION = YES;
				CLANG_WARN_OBJC_ROOT_CLASS = YES_ERROR;
				CLANG_WARN_RANGE_LOOP_ANALYSIS = YES;
				CLANG_WARN_STRICT_PROTOTYPES = YES;
				CLANG_WARN_SUSPICIOUS_MOVE = YES;
				CLANG_WARN_UNGUARDED_AVAILABILITY = YES_AGGRESSIVE;
				CLANG_WARN_UNREACHABLE_CODE = YES;
				CLANG_WARN__DUPLICATE_METHOD_MATCH = YES;
				CODE_SIGN_IDENTITY = "iPhone Developer";
				COPY_PHASE_STRIP = NO;
				DEBUG_INFORMATION_FORMAT = dwarf;
				ENABLE_STRICT_OBJC_MSGSEND = YES;
				ENABLE_TESTABILITY = YES;
				GCC_C_LANGUAGE_STANDARD = gnu11;
				GCC_DYNAMIC_NO_PIC = NO;
				GCC_NO_COMMON_BLOCKS = YES;
				GCC_OPTIMIZATION_LEVEL = 0;
				GCC_PREPROCESSOR_DEFINITIONS = (
					"DEBUG=1",
					"$(inherited)",
				);
				GCC_WARN_64_TO_32_BIT_CONVERSION = YES;
				GCC_WARN_ABOUT_RETURN_TYPE = YES_ERROR;
				GCC_WARN_UNDECLARED_SELECTOR = YES;
				GCC_WARN_UNINITIALIZED_AUTOS = YES_AGGRESSIVE;
				GCC_WARN_UNUSED_FUNCTION = YES;
				GCC_WARN_UNUSED_VARIABLE = YES;
				IPHONEOS_DEPLOYMENT_TARGET = 12.1;
				MTL_ENABLE_DEBUG_INFO = INCLUDE_SOURCE;
				MTL_FAST_MATH = YES;
				ONLY_ACTIVE_ARCH = YES;
				SDKROOT = iphoneos;
				SWIFT_ACTIVE_COMPILATION_CONDITIONS = DEBUG;
				SWIFT_OPTIMIZATION_LEVEL = "-Onone";
			};
			name = Debug;
		};
		6D69157E219497D600C8BB05 /* Release */ = {
			isa = XCBuildConfiguration;
			buildSettings = {
				ALWAYS_SEARCH_USER_PATHS = NO;
				CLANG_ANALYZER_NONNULL = YES;
				CLANG_ANALYZER_NUMBER_OBJECT_CONVERSION = YES_AGGRESSIVE;
				CLANG_CXX_LANGUAGE_STANDARD = "gnu++14";
				CLANG_CXX_LIBRARY = "libc++";
				CLANG_ENABLE_MODULES = YES;
				CLANG_ENABLE_OBJC_ARC = YES;
				CLANG_ENABLE_OBJC_WEAK = YES;
				CLANG_WARN_BLOCK_CAPTURE_AUTORELEASING = YES;
				CLANG_WARN_BOOL_CONVERSION = YES;
				CLANG_WARN_COMMA = YES;
				CLANG_WARN_CONSTANT_CONVERSION = YES;
				CLANG_WARN_DEPRECATED_OBJC_IMPLEMENTATIONS = YES;
				CLANG_WARN_DIRECT_OBJC_ISA_USAGE = YES_ERROR;
				CLANG_WARN_DOCUMENTATION_COMMENTS = YES;
				CLANG_WARN_EMPTY_BODY = YES;
				CLANG_WARN_ENUM_CONVERSION = YES;
				CLANG_WARN_INFINITE_RECURSION = YES;
				CLANG_WARN_INT_CONVERSION = YES;
				CLANG_WARN_NON_LITERAL_NULL_CONVERSION = YES;
				CLANG_WARN_OBJC_IMPLICIT_RETAIN_SELF = YES;
				CLANG_WARN_OBJC_LITERAL_CONVERSION = YES;
				CLANG_WARN_OBJC_ROOT_CLASS = YES_ERROR;
				CLANG_WARN_RANGE_LOOP_ANALYSIS = YES;
				CLANG_WARN_STRICT_PROTOTYPES = YES;
				CLANG_WARN_SUSPICIOUS_MOVE = YES;
				CLANG_WARN_UNGUARDED_AVAILABILITY = YES_AGGRESSIVE;
				CLANG_WARN_UNREACHABLE_CODE = YES;
				CLANG_WARN__DUPLICATE_METHOD_MATCH = YES;
				CODE_SIGN_IDENTITY = "iPhone Developer";
				COPY_PHASE_STRIP = NO;
				DEBUG_INFORMATION_FORMAT = "dwarf-with-dsym";
				ENABLE_NS_ASSERTIONS = NO;
				ENABLE_STRICT_OBJC_MSGSEND = YES;
				GCC_C_LANGUAGE_STANDARD = gnu11;
				GCC_NO_COMMON_BLOCKS = YES;
				GCC_WARN_64_TO_32_BIT_CONVERSION = YES;
				GCC_WARN_ABOUT_RETURN_TYPE = YES_ERROR;
				GCC_WARN_UNDECLARED_SELECTOR = YES;
				GCC_WARN_UNINITIALIZED_AUTOS = YES_AGGRESSIVE;
				GCC_WARN_UNUSED_FUNCTION = YES;
				GCC_WARN_UNUSED_VARIABLE = YES;
				IPHONEOS_DEPLOYMENT_TARGET = 12.1;
				MTL_ENABLE_DEBUG_INFO = NO;
				MTL_FAST_MATH = YES;
				SDKROOT = iphoneos;
				SWIFT_COMPILATION_MODE = wholemodule;
				SWIFT_OPTIMIZATION_LEVEL = "-O";
				VALIDATE_PRODUCT = YES;
			};
			name = Release;
		};
		6D691580219497D600C8BB05 /* Debug */ = {
			isa = XCBuildConfiguration;
			buildSettings = {
				ASSETCATALOG_COMPILER_APPICON_NAME = AppIcon;
				CODE_SIGN_STYLE = Manual;
				DEVELOPMENT_TEAM = "";
				INFOPLIST_FILE = IMC/Info.plist;
				LD_RUNPATH_SEARCH_PATHS = (
					"$(inherited)",
					"@executable_path/Frameworks",
				);
				PRODUCT_BUNDLE_IDENTIFIER = ciclic.com.IMC;
				PRODUCT_NAME = "$(TARGET_NAME)";
				PROVISIONING_PROFILE_SPECIFIER = "";
				SWIFT_VERSION = 4.2;
				TARGETED_DEVICE_FAMILY = "1,2";
			};
			name = Debug;
		};
		6D691581219497D600C8BB05 /* Release */ = {
			isa = XCBuildConfiguration;
			buildSettings = {
				ASSETCATALOG_COMPILER_APPICON_NAME = AppIcon;
				CODE_SIGN_STYLE = Manual;
				DEVELOPMENT_TEAM = "";
				INFOPLIST_FILE = IMC/Info.plist;
				LD_RUNPATH_SEARCH_PATHS = (
					"$(inherited)",
					"@executable_path/Frameworks",
				);
				PRODUCT_BUNDLE_IDENTIFIER = ciclic.com.IMC;
				PRODUCT_NAME = "$(TARGET_NAME)";
				PROVISIONING_PROFILE_SPECIFIER = "";
				SWIFT_VERSION = 4.2;
				TARGETED_DEVICE_FAMILY = "1,2";
			};
			name = Release;
		};
		6D691583219497D700C8BB05 /* Debug */ = {
			isa = XCBuildConfiguration;
			buildSettings = {
				ALWAYS_EMBED_SWIFT_STANDARD_LIBRARIES = YES;
				BUNDLE_LOADER = "$(TEST_HOST)";
				CODE_SIGN_STYLE = Automatic;
				INFOPLIST_FILE = IMCTests/Info.plist;
				LD_RUNPATH_SEARCH_PATHS = (
					"$(inherited)",
					"@executable_path/Frameworks",
					"@loader_path/Frameworks",
				);
				PRODUCT_BUNDLE_IDENTIFIER = ciclic.com.IMCTests;
				PRODUCT_NAME = "$(TARGET_NAME)";
				SWIFT_VERSION = 4.2;
				TARGETED_DEVICE_FAMILY = "1,2";
				TEST_HOST = "$(BUILT_PRODUCTS_DIR)/IMC.app/IMC";
			};
			name = Debug;
		};
		6D691584219497D700C8BB05 /* Release */ = {
			isa = XCBuildConfiguration;
			buildSettings = {
				ALWAYS_EMBED_SWIFT_STANDARD_LIBRARIES = YES;
				BUNDLE_LOADER = "$(TEST_HOST)";
				CODE_SIGN_STYLE = Automatic;
				INFOPLIST_FILE = IMCTests/Info.plist;
				LD_RUNPATH_SEARCH_PATHS = (
					"$(inherited)",
					"@executable_path/Frameworks",
					"@loader_path/Frameworks",
				);
				PRODUCT_BUNDLE_IDENTIFIER = ciclic.com.IMCTests;
				PRODUCT_NAME = "$(TARGET_NAME)";
				SWIFT_VERSION = 4.2;
				TARGETED_DEVICE_FAMILY = "1,2";
				TEST_HOST = "$(BUILT_PRODUCTS_DIR)/IMC.app/IMC";
			};
			name = Release;
		};
		6D691586219497D700C8BB05 /* Debug */ = {
			isa = XCBuildConfiguration;
			buildSettings = {
				ALWAYS_EMBED_SWIFT_STANDARD_LIBRARIES = YES;
				CODE_SIGN_STYLE = Automatic;
				INFOPLIST_FILE = IMCUITests/Info.plist;
				LD_RUNPATH_SEARCH_PATHS = (
					"$(inherited)",
					"@executable_path/Frameworks",
					"@loader_path/Frameworks",
				);
				PRODUCT_BUNDLE_IDENTIFIER = ciclic.com.IMCUITests;
				PRODUCT_NAME = "$(TARGET_NAME)";
				SWIFT_VERSION = 4.2;
				TARGETED_DEVICE_FAMILY = "1,2";
				TEST_TARGET_NAME = IMC;
			};
			name = Debug;
		};
		6D691587219497D700C8BB05 /* Release */ = {
			isa = XCBuildConfiguration;
			buildSettings = {
				ALWAYS_EMBED_SWIFT_STANDARD_LIBRARIES = YES;
				CODE_SIGN_STYLE = Automatic;
				INFOPLIST_FILE = IMCUITests/Info.plist;
				LD_RUNPATH_SEARCH_PATHS = (
					"$(inherited)",
					"@executable_path/Frameworks",
					"@loader_path/Frameworks",
				);
				PRODUCT_BUNDLE_IDENTIFIER = ciclic.com.IMCUITests;
				PRODUCT_NAME = "$(TARGET_NAME)";
				SWIFT_VERSION = 4.2;
				TARGETED_DEVICE_FAMILY = "1,2";
				TEST_TARGET_NAME = IMC;
			};
			name = Release;
		};
/* End XCBuildConfiguration section */

/* Begin XCConfigurationList section */
		6D691552219497D400C8BB05 /* Build configuration list for PBXProject "IMC" */ = {
			isa = XCConfigurationList;
			buildConfigurations = (
				6D69157D219497D600C8BB05 /* Debug */,
				6D69157E219497D600C8BB05 /* Release */,
			);
			defaultConfigurationIsVisible = 0;
			defaultConfigurationName = Release;
		};
		6D69157F219497D600C8BB05 /* Build configuration list for PBXNativeTarget "IMC" */ = {
			isa = XCConfigurationList;
			buildConfigurations = (
				6D691580219497D600C8BB05 /* Debug */,
				6D691581219497D600C8BB05 /* Release */,
			);
			defaultConfigurationIsVisible = 0;
			defaultConfigurationName = Release;
		};
		6D691582219497D700C8BB05 /* Build configuration list for PBXNativeTarget "IMCTests" */ = {
			isa = XCConfigurationList;
			buildConfigurations = (
				6D691583219497D700C8BB05 /* Debug */,
				6D691584219497D700C8BB05 /* Release */,
			);
			defaultConfigurationIsVisible = 0;
			defaultConfigurationName = Release;
		};
		6D691585219497D700C8BB05 /* Build configuration list for PBXNativeTarget "IMCUITests" */ = {
			isa = XCConfigurationList;
			buildConfigurations = (
				6D691586219497D700C8BB05 /* Debug */,
				6D691587219497D700C8BB05 /* Release */,
			);
			defaultConfigurationIsVisible = 0;
			defaultConfigurationName = Release;
		};
/* End XCConfigurationList section */
	};
	rootObject = 6D69154F219497D400C8BB05 /* Project object */;
}
